schema: '2.0'
stages:
  preparetion:
    cmd: python data_prep.py
    deps:
    - path: data_prep.py
      hash: md5
      md5: 6161dd993cd3455921c1fe455da3af8e
      size: 782
    - path: dataset.csv
      hash: md5
      md5: 7321aa9a1e24a9e139f42124f736b415
      size: 674857
    params:
      params.yaml:
        prepare.age_threshold: 80
    outs:
    - path: outs/prepared_df.csv
      hash: md5
      md5: 883886ae55d2deb5b1128a5bc40eea4d
      size: 478635
  process:
    cmd: python data_process.py
    deps:
    - path: data_process.py
      hash: md5
      md5: a266e7ede62510c90552cdb7be26b6ae
      size: 3284
    - path: outs/prepared_df.csv
      hash: md5
      md5: 883886ae55d2deb5b1128a5bc40eea4d
      size: 478635
    params:
      params.yaml:
        process.seed: 72
        process.test_size: 0.25
    outs:
    - path: outs/process_test_x.csv
      hash: md5
      md5: 01a4e87d72aa9e1c550e4212e80c84d3
      size: 267482
    - path: outs/process_test_y.csv
      hash: md5
      md5: 78999c6636dc6153287e160f2ac0eb91
      size: 7499
    - path: outs/process_train_x.csv
      hash: md5
      md5: 725931be03f68436703914cc5ee7de32
      size: 802440
    - path: outs/process_train_y.csv
      hash: md5
      md5: 6d0da3ea36c22f95961b7a9d72e694c2
      size: 22481
  train:
    cmd: python data_train.py
    deps:
    - path: data_train.py
      hash: md5
      md5: 39c52632e6595c99ce027523c2dc33e4
      size: 4701
    - path: outs/process_test_x.csv
      hash: md5
      md5: 01a4e87d72aa9e1c550e4212e80c84d3
      size: 267482
    - path: outs/process_test_y.csv
      hash: md5
      md5: 78999c6636dc6153287e160f2ac0eb91
      size: 7499
    - path: outs/process_train_x.csv
      hash: md5
      md5: 725931be03f68436703914cc5ee7de32
      size: 802440
    - path: outs/process_train_y.csv
      hash: md5
      md5: 6d0da3ea36c22f95961b7a9d72e694c2
      size: 22481
    params:
      params.yaml:
        train.max_depth: 15
        train.n_estimators: 350
    outs:
    - path: Confusion_Matrix.png
      hash: md5
      md5: 1cd2993b3de803f437c8a1cb802305f9
      size: 14949
    - path: ROC_Curve.png
      hash: md5
      md5: 1b038ff4f504700dd8489c715a5a142f
      size: 21400
    - path: metrics.json
      hash: md5
      md5: 00ced6dae99431e902e16661077545d2
      size: 296
    - path: roc_curve_with-SMOT.csv
      hash: md5
      md5: 85f3b94e76d321fa1fe239bad4bd4642
      size: 67
    - path: roc_curve_with-class-weight.csv
      hash: md5
      md5: 3ba9c51b73246b6e465e95ddc427d419
      size: 68
    - path: roc_curve_without-imbalance.csv
      hash: md5
      md5: 3aeb7f5d596c822ebcb8c9618412def6
      size: 68
