schema: '2.0'
stages:
  preparetion:
    cmd: python data_prep.py
    deps:
    - path: data_prep.py
      hash: md5
      md5: 6161dd993cd3455921c1fe455da3af8e
      size: 782
    - path: dataset.csv
      hash: md5
      md5: 7321aa9a1e24a9e139f42124f736b415
      size: 674857
    params:
      params.yaml:
        prepare.age_threshold: 65
    outs:
    - path: outs/prepared_df.csv
      hash: md5
      md5: 883886ae55d2deb5b1128a5bc40eea4d
      size: 478635
  process:
    cmd: python data_process.py
    deps:
    - path: data_process.py
      hash: md5
      md5: a266e7ede62510c90552cdb7be26b6ae
      size: 3284
    - path: outs/prepared_df.csv
      hash: md5
      md5: 883886ae55d2deb5b1128a5bc40eea4d
      size: 478635
    params:
      params.yaml:
        process.seed: 73
        process.test_size: 0.2
    outs:
    - path: outs/process_test_x.csv
      hash: md5
      md5: e0a8de5ee2b1cfeea7528873254883ab
      size: 214460
    - path: outs/process_test_y.csv
      hash: md5
      md5: 81012080794a596cb4e85149b9a02298
      size: 6002
    - path: outs/process_train_x.csv
      hash: md5
      md5: b8bd80693c5e8b5c7f01cd22a8b7b65c
      size: 856615
    - path: outs/process_train_y.csv
      hash: md5
      md5: ab0b23b42c2b20b67d0d110912fcfd63
      size: 23978
  train:
    cmd: python data_train.py
    deps:
    - path: data_train.py
      hash: md5
      md5: 39c52632e6595c99ce027523c2dc33e4
      size: 4701
    - path: outs/process_test_x.csv
      hash: md5
      md5: e0a8de5ee2b1cfeea7528873254883ab
      size: 214460
    - path: outs/process_test_y.csv
      hash: md5
      md5: 81012080794a596cb4e85149b9a02298
      size: 6002
    - path: outs/process_train_x.csv
      hash: md5
      md5: b8bd80693c5e8b5c7f01cd22a8b7b65c
      size: 856615
    - path: outs/process_train_y.csv
      hash: md5
      md5: ab0b23b42c2b20b67d0d110912fcfd63
      size: 23978
    params:
      params.yaml:
        train.max_depth: 80
        train.n_estimators: 500
    outs:
    - path: Confusion_Matrix.png
      hash: md5
      md5: 28c551a04d4b51afa65b3f8c51faff41
      size: 14827
    - path: ROC_Curve.png
      hash: md5
      md5: 515af2f862ae899bd4556f4eb013b7cd
      size: 21365
    - path: metrics.json
      hash: md5
      md5: 66997cd9b6a08becf1c533b2a84aba9d
      size: 296
    - path: roc_curve_with-SMOT.csv
      hash: md5
      md5: 73a7c08d7bcaf052239fc1ac2d73c9f7
      size: 67
    - path: roc_curve_with-class-weight.csv
      hash: md5
      md5: eb2e6199751e6f06c358b12365b7c3d0
      size: 69
    - path: roc_curve_without-imbalance.csv
      hash: md5
      md5: c91582a979afbda2cc2d3039e466c8a3
      size: 68
